
Microsoft Visual Studio Solution File, Format Version 12.00
# Visual Studio 15
VisualStudioVersion = 15.0.28307.271
MinimumVisualStudioVersion = 10.0.40219.1
Project("{FAE04EC0-301F-11D3-BF4B-00C04F79EFBC}") = "CustomList", "CustomList.csproj", "{F4EE1C75-3121-4F65-BF11-3321D7A27849}"
EndProject
Project("{FAE04EC0-301F-11D3-BF4B-00C04F79EFBC}") = "CustomListTest", "..\CustomListTest\CustomListTest.csproj", "{48897D03-C00F-4293-BE6D-E7FB9ED88720}"
EndProject
Global
	GlobalSection(SolutionConfigurationPlatforms) = preSolution
		Debug|Any CPU = Debug|Any CPU
		Release|Any CPU = Release|Any CPU
	EndGlobalSection
	GlobalSection(ProjectConfigurationPlatforms) = postSolution
		{F4EE1C75-3121-4F65-BF11-3321D7A27849}.Debug|Any CPU.ActiveCfg = Debug|Any CPU
		{F4EE1C75-3121-4F65-BF11-3321D7A27849}.Debug|Any CPU.Build.0 = Debug|Any CPU
		{F4EE1C75-3121-4F65-BF11-3321D7A27849}.Release|Any CPU.ActiveCfg = Release|Any CPU
		{F4EE1C75-3121-4F65-BF11-3321D7A27849}.Release|Any CPU.Build.0 = Release|Any CPU
		{48897D03-C00F-4293-BE6D-E7FB9ED88720}.Debug|Any CPU.ActiveCfg = Debug|Any CPU
		{48897D03-C00F-4293-BE6D-E7FB9ED88720}.Debug|Any CPU.Build.0 = Debug|Any CPU
		{48897D03-C00F-4293-BE6D-E7FB9ED88720}.Release|Any CPU.ActiveCfg = Release|Any CPU
		{48897D03-C00F-4293-BE6D-E7FB9ED88720}.Release|Any CPU.Build.0 = Release|Any CPU
	EndGlobalSection
	GlobalSection(SolutionProperties) = preSolution
		HideSolutionNode = FALSE
	EndGlobalSection
	GlobalSection(ExtensibilityGlobals) = postSolution
		SolutionGuid = {B0A09A93-47E8-4144-BFFE-5958871BCAB4}
	EndGlobalSection
EndGlobal
